dependencies:
- name: grafana
  repository: ""
  version: 3.3.6
- name: reports-server
  repository: https://nirmata.github.io/kyverno-charts
  version: 0.2.8
- name: crds
  repository: ""
  version: 3.3.6
digest: sha256:ba0ff2631063c3f749b905a112ce2cdb412fe1caeb3a460e6442d88b7af57b63
generated: "2025-11-03T15:35:08.626807392Z"
