dependencies:
- name: grafana
  repository: ""
  version: 3.3.6
- name: reports-server
  repository: https://nirmata.github.io/kyverno-charts
  version: 0.2.10
- name: crds
  repository: ""
  version: 3.3.6
digest: sha256:e3d001bfe2ca2ca33e5132ff136a1084c2c9ca708a4eb00d844bded87b816e9f
generated: "2025-11-24T18:28:19.079666527Z"
